PODS:
  - Alamofire (4.9.1)
  - AlamofireImage (3.6.0):
    - Alamofire (~> 4.9)
  - CLTokenInputView (2.3.0)
  - Eureka (5.3.2)
  - TokenRow (1.5.0):
    - CLTokenInputView (~> 2.3)
    - Eureka (~> 5.3.2)

DEPENDENCIES:
  - Alamofire (~> 4.0)
  - AlamofireImage
  - CLTokenInputView (~> 2.3)
  - TokenRow (from `../../`)

SPEC REPOS:
  https://github.com/CocoaPods/Specs.git:
    - Alamofire
    - AlamofireImage
    - CLTokenInputView
    - Eureka

EXTERNAL SOURCES:
  TokenRow:
    :path: "../../"

SPEC CHECKSUMS:
  Alamofire: 85e8a02c69d6020a0d734f6054870d7ecb75cf18
  AlamofireImage: be9963c6582d68b39e89191f64c82a7d7bf40fdd
  CLTokenInputView: 9dc1ffb7c9d2d81787e69a63c75bd97b0b2d1e76
  Eureka: 1c2b8b5892bfb0e972d0fe05f8c09fd89f8625ec
  TokenRow: efda46480a5b315d7c42435e0ba80bf110be0ecd

PODFILE CHECKSUM: ad0102dbd5d5ef8a80b3066ef488938b772a9cab

COCOAPODS: 1.10.1
